Microsoft Visual Studio Solution File, Format Version 12.00
# Visual Studio Version 17
VisualStudioVersion = 17.5.2.0
MinimumVisualStudioVersion = 10.0.40219.1
Project("{FAE04EC0-301F-11D3-BF4B-00C04F79EFBC}") = "LINQ ASSIHNMENT", "LINQ ASSIHNMENT\LINQ ASSIHNMENT.csproj", "{0DB3A0D1-BCBD-5021-B758-B4A93B93430D}"
EndProject
Global
	GlobalSection(SolutionConfigurationPlatforms) = preSolution
		Debug|Any CPU = Debug|Any CPU
		Release|Any CPU = Release|Any CPU
	EndGlobalSection
	GlobalSection(ProjectConfigurationPlatforms) = postSolution
		{0DB3A0D1-BCBD-5021-B758-B4A93B93430D}.Debug|Any CPU.ActiveCfg = Debug|Any CPU
		{0DB3A0D1-BCBD-5021-B758-B4A93B93430D}.Debug|Any CPU.Build.0 = Debug|Any CPU
		{0DB3A0D1-BCBD-5021-B758-B4A93B93430D}.Release|Any CPU.ActiveCfg = Release|Any CPU
		{0DB3A0D1-BCBD-5021-B758-B4A93B93430D}.Release|Any CPU.Build.0 = Release|Any CPU
	EndGlobalSection
	GlobalSection(SolutionProperties) = preSolution
		HideSolutionNode = FALSE
	EndGlobalSection
	GlobalSection(ExtensibilityGlobals) = postSolution
		SolutionGuid = {82D5F187-C942-4960-8BC9-A7863C575513}
	EndGlobalSection
EndGlobal
