Microsoft Visual Studio Solution File, Format Version 12.00
# Visual Studio Version 17
VisualStudioVersion = 17.5.2.0
MinimumVisualStudioVersion = 10.0.40219.1
Project("{FAE04EC0-301F-11D3-BF4B-00C04F79EFBC}") = "StudentScholarship", "StudentScholarship\StudentScholarship.csproj", "{AB0A722F-C202-059F-FA39-EEE3DAB22D7F}"
EndProject
Global
	GlobalSection(SolutionConfigurationPlatforms) = preSolution
		Debug|Any CPU = Debug|Any CPU
		Release|Any CPU = Release|Any CPU
	EndGlobalSection
	GlobalSection(ProjectConfigurationPlatforms) = postSolution
		{AB0A722F-C202-059F-FA39-EEE3DAB22D7F}.Debug|Any CPU.ActiveCfg = Debug|Any CPU
		{AB0A722F-C202-059F-FA39-EEE3DAB22D7F}.Debug|Any CPU.Build.0 = Debug|Any CPU
		{AB0A722F-C202-059F-FA39-EEE3DAB22D7F}.Release|Any CPU.ActiveCfg = Release|Any CPU
		{AB0A722F-C202-059F-FA39-EEE3DAB22D7F}.Release|Any CPU.Build.0 = Release|Any CPU
	EndGlobalSection
	GlobalSection(SolutionProperties) = preSolution
		HideSolutionNode = FALSE
	EndGlobalSection
	GlobalSection(ExtensibilityGlobals) = postSolution
		SolutionGuid = {1539BF4E-BB3E-4F02-8FA5-9DB008184A68}
	EndGlobalSection
EndGlobal
