Microsoft Visual Studio Solution File, Format Version 12.00
# Visual Studio Version 17
VisualStudioVersion = 17.5.2.0
MinimumVisualStudioVersion = 10.0.40219.1
Project("{FAE04EC0-301F-11D3-BF4B-00C04F79EFBC}") = "06_02", "06_02\06_02.csproj", "{E47CE84F-A6EB-4771-9F29-EF165718189B}"
EndProject
Global
	GlobalSection(SolutionConfigurationPlatforms) = preSolution
		Debug|Any CPU = Debug|Any CPU
		Release|Any CPU = Release|Any CPU
	EndGlobalSection
	GlobalSection(ProjectConfigurationPlatforms) = postSolution
		{E47CE84F-A6EB-4771-9F29-EF165718189B}.Debug|Any CPU.ActiveCfg = Debug|Any CPU
		{E47CE84F-A6EB-4771-9F29-EF165718189B}.Debug|Any CPU.Build.0 = Debug|Any CPU
		{E47CE84F-A6EB-4771-9F29-EF165718189B}.Release|Any CPU.ActiveCfg = Release|Any CPU
		{E47CE84F-A6EB-4771-9F29-EF165718189B}.Release|Any CPU.Build.0 = Release|Any CPU
	EndGlobalSection
	GlobalSection(SolutionProperties) = preSolution
		HideSolutionNode = FALSE
	EndGlobalSection
	GlobalSection(ExtensibilityGlobals) = postSolution
		SolutionGuid = {827E117A-E4D4-49CF-BB31-31650256E061}
	EndGlobalSection
EndGlobal
