Microsoft Visual Studio Solution File, Format Version 12.00
# Visual Studio Version 17
VisualStudioVersion = 17.5.2.0
MinimumVisualStudioVersion = 10.0.40219.1
Project("{FAE04EC0-301F-11D3-BF4B-00C04F79EFBC}") = "21-02", "21-02.csproj", "{28C5A923-CBAD-A1FD-9075-AA542AA206AF}"
EndProject
Global
	GlobalSection(SolutionConfigurationPlatforms) = preSolution
		Debug|Any CPU = Debug|Any CPU
		Release|Any CPU = Release|Any CPU
	EndGlobalSection
	GlobalSection(ProjectConfigurationPlatforms) = postSolution
		{28C5A923-CBAD-A1FD-9075-AA542AA206AF}.Debug|Any CPU.ActiveCfg = Debug|Any CPU
		{28C5A923-CBAD-A1FD-9075-AA542AA206AF}.Debug|Any CPU.Build.0 = Debug|Any CPU
		{28C5A923-CBAD-A1FD-9075-AA542AA206AF}.Release|Any CPU.ActiveCfg = Release|Any CPU
		{28C5A923-CBAD-A1FD-9075-AA542AA206AF}.Release|Any CPU.Build.0 = Release|Any CPU
	EndGlobalSection
	GlobalSection(SolutionProperties) = preSolution
		HideSolutionNode = FALSE
	EndGlobalSection
	GlobalSection(ExtensibilityGlobals) = postSolution
		SolutionGuid = {25C74A4F-FBD5-4729-BCB5-D324724D98A9}
	EndGlobalSection
EndGlobal
