Microsoft Visual Studio Solution File, Format Version 12.00
# Visual Studio Version 17
VisualStudioVersion = 17.5.2.0
MinimumVisualStudioVersion = 10.0.40219.1
Project("{FAE04EC0-301F-11D3-BF4B-00C04F79EFBC}") = "Day16", "Day16\Day16.csproj", "{3BD32BA8-7D20-B423-51CF-333F1F6C1806}"
EndProject
Global
	GlobalSection(SolutionConfigurationPlatforms) = preSolution
		Debug|Any CPU = Debug|Any CPU
		Release|Any CPU = Release|Any CPU
	EndGlobalSection
	GlobalSection(ProjectConfigurationPlatforms) = postSolution
		{3BD32BA8-7D20-B423-51CF-333F1F6C1806}.Debug|Any CPU.ActiveCfg = Debug|Any CPU
		{3BD32BA8-7D20-B423-51CF-333F1F6C1806}.Debug|Any CPU.Build.0 = Debug|Any CPU
		{3BD32BA8-7D20-B423-51CF-333F1F6C1806}.Release|Any CPU.ActiveCfg = Release|Any CPU
		{3BD32BA8-7D20-B423-51CF-333F1F6C1806}.Release|Any CPU.Build.0 = Release|Any CPU
	EndGlobalSection
	GlobalSection(SolutionProperties) = preSolution
		HideSolutionNode = FALSE
	EndGlobalSection
	GlobalSection(ExtensibilityGlobals) = postSolution
		SolutionGuid = {B78F163B-7107-4233-B96A-A59D9C039119}
	EndGlobalSection
EndGlobal
